
Microsoft Visual Studio Solution File, Format Version 12.00
# Visual Studio Version 16
VisualStudioVersion = 16.0.31410.357
MinimumVisualStudioVersion = 10.0.40219.1
Project("{FAE04EC0-301F-11D3-BF4B-00C04F79EFBC}") = "Zero_Project", "Zero_Project\Zero_Project.csproj", "{8376CB42-19EE-480A-AF9B-746B52B85DDB}"
EndProject
Global
	GlobalSection(SolutionConfigurationPlatforms) = preSolution
		Debug|Any CPU = Debug|Any CPU
		Release|Any CPU = Release|Any CPU
	EndGlobalSection
	GlobalSection(ProjectConfigurationPlatforms) = postSolution
		{8376CB42-19EE-480A-AF9B-746B52B85DDB}.Debug|Any CPU.ActiveCfg = Debug|Any CPU
		{8376CB42-19EE-480A-AF9B-746B52B85DDB}.Debug|Any CPU.Build.0 = Debug|Any CPU
		{8376CB42-19EE-480A-AF9B-746B52B85DDB}.Release|Any CPU.ActiveCfg = Release|Any CPU
		{8376CB42-19EE-480A-AF9B-746B52B85DDB}.Release|Any CPU.Build.0 = Release|Any CPU
	EndGlobalSection
	GlobalSection(SolutionProperties) = preSolution
		HideSolutionNode = FALSE
	EndGlobalSection
	GlobalSection(ExtensibilityGlobals) = postSolution
		SolutionGuid = {1E922731-530F-4732-88EC-078E9F60BDB3}
	EndGlobalSection
EndGlobal
